
Microsoft Visual Studio Solution File, Format Version 12.00
# Visual Studio Version 17
VisualStudioVersion = 17.12.35527.113
MinimumVisualStudioVersion = 10.0.40219.1
Project("{8BC9CEB8-8B4A-11D0-8D11-00A0C91BC942}") = "YourSysInfo", "YourSysInfo\YourSysInfo.vcxproj", "{B19998F6-50A5-45AA-B21E-E36CD1410962}"
EndProject
Project("{8BC9CEB8-8B4A-11D0-8D11-00A0C91BC942}") = "Main", "Main\Main.vcxproj", "{F893A4CC-F43E-4837-9819-9AA8C1F50CF5}"
EndProject
Project("{8BC9CEB8-8B4A-11D0-8D11-00A0C91BC942}") = "Mem_check", "Mem_check\Mem_check.vcxproj", "{705EB42D-CA53-41BB-9CC2-E264008A86B3}"
EndProject
Project("{8BC9CEB8-8B4A-11D0-8D11-00A0C91BC942}") = "CPU_ARCH", "CPU_ARCH\CPU_ARCH.vcxproj", "{BD9E17D7-B059-4CC6-BE6E-A97B9EBBA58C}"
EndProject
Project("{8BC9CEB8-8B4A-11D0-8D11-00A0C91BC942}") = "superset perf", "superset perf\superset perf.vcxproj", "{AA52CBA3-C4A8-4FCC-85B6-3343E681E1B1}"
EndProject
Project("{8BC9CEB8-8B4A-11D0-8D11-00A0C91BC942}") = "snippet_testing", "snippet_testing\snippet_testing.vcxproj", "{2047CED1-0027-4AD3-9ADF-96BFFDD8696D}"
EndProject
Global
	GlobalSection(SolutionConfigurationPlatforms) = preSolution
		Debug|x64 = Debug|x64
		Debug|x86 = Debug|x86
		Release|x64 = Release|x64
		Release|x86 = Release|x86
	EndGlobalSection
	GlobalSection(ProjectConfigurationPlatforms) = postSolution
		{B19998F6-50A5-45AA-B21E-E36CD1410962}.Debug|x64.ActiveCfg = Debug|x64
		{B19998F6-50A5-45AA-B21E-E36CD1410962}.Debug|x64.Build.0 = Debug|x64
		{B19998F6-50A5-45AA-B21E-E36CD1410962}.Debug|x86.ActiveCfg = Debug|Win32
		{B19998F6-50A5-45AA-B21E-E36CD1410962}.Debug|x86.Build.0 = Debug|Win32
		{B19998F6-50A5-45AA-B21E-E36CD1410962}.Release|x64.ActiveCfg = Release|x64
		{B19998F6-50A5-45AA-B21E-E36CD1410962}.Release|x64.Build.0 = Release|x64
		{B19998F6-50A5-45AA-B21E-E36CD1410962}.Release|x86.ActiveCfg = Release|Win32
		{B19998F6-50A5-45AA-B21E-E36CD1410962}.Release|x86.Build.0 = Release|Win32
		{F893A4CC-F43E-4837-9819-9AA8C1F50CF5}.Debug|x64.ActiveCfg = Debug|x64
		{F893A4CC-F43E-4837-9819-9AA8C1F50CF5}.Debug|x64.Build.0 = Debug|x64
		{F893A4CC-F43E-4837-9819-9AA8C1F50CF5}.Debug|x86.ActiveCfg = Debug|Win32
		{F893A4CC-F43E-4837-9819-9AA8C1F50CF5}.Debug|x86.Build.0 = Debug|Win32
		{F893A4CC-F43E-4837-9819-9AA8C1F50CF5}.Release|x64.ActiveCfg = Release|x64
		{F893A4CC-F43E-4837-9819-9AA8C1F50CF5}.Release|x64.Build.0 = Release|x64
		{F893A4CC-F43E-4837-9819-9AA8C1F50CF5}.Release|x86.ActiveCfg = Release|Win32
		{F893A4CC-F43E-4837-9819-9AA8C1F50CF5}.Release|x86.Build.0 = Release|Win32
		{705EB42D-CA53-41BB-9CC2-E264008A86B3}.Debug|x64.ActiveCfg = Debug|x64
		{705EB42D-CA53-41BB-9CC2-E264008A86B3}.Debug|x64.Build.0 = Debug|x64
		{705EB42D-CA53-41BB-9CC2-E264008A86B3}.Debug|x86.ActiveCfg = Debug|Win32
		{705EB42D-CA53-41BB-9CC2-E264008A86B3}.Debug|x86.Build.0 = Debug|Win32
		{705EB42D-CA53-41BB-9CC2-E264008A86B3}.Release|x64.ActiveCfg = Release|x64
		{705EB42D-CA53-41BB-9CC2-E264008A86B3}.Release|x64.Build.0 = Release|x64
		{705EB42D-CA53-41BB-9CC2-E264008A86B3}.Release|x86.ActiveCfg = Release|Win32
		{705EB42D-CA53-41BB-9CC2-E264008A86B3}.Release|x86.Build.0 = Release|Win32
		{BD9E17D7-B059-4CC6-BE6E-A97B9EBBA58C}.Debug|x64.ActiveCfg = Debug|x64
		{BD9E17D7-B059-4CC6-BE6E-A97B9EBBA58C}.Debug|x64.Build.0 = Debug|x64
		{BD9E17D7-B059-4CC6-BE6E-A97B9EBBA58C}.Debug|x86.ActiveCfg = Debug|Win32
		{BD9E17D7-B059-4CC6-BE6E-A97B9EBBA58C}.Debug|x86.Build.0 = Debug|Win32
		{BD9E17D7-B059-4CC6-BE6E-A97B9EBBA58C}.Release|x64.ActiveCfg = Release|x64
		{BD9E17D7-B059-4CC6-BE6E-A97B9EBBA58C}.Release|x64.Build.0 = Release|x64
		{BD9E17D7-B059-4CC6-BE6E-A97B9EBBA58C}.Release|x86.ActiveCfg = Release|Win32
		{BD9E17D7-B059-4CC6-BE6E-A97B9EBBA58C}.Release|x86.Build.0 = Release|Win32
		{AA52CBA3-C4A8-4FCC-85B6-3343E681E1B1}.Debug|x64.ActiveCfg = Debug|x64
		{AA52CBA3-C4A8-4FCC-85B6-3343E681E1B1}.Debug|x64.Build.0 = Debug|x64
		{AA52CBA3-C4A8-4FCC-85B6-3343E681E1B1}.Debug|x86.ActiveCfg = Debug|Win32
		{AA52CBA3-C4A8-4FCC-85B6-3343E681E1B1}.Debug|x86.Build.0 = Debug|Win32
		{AA52CBA3-C4A8-4FCC-85B6-3343E681E1B1}.Release|x64.ActiveCfg = Release|x64
		{AA52CBA3-C4A8-4FCC-85B6-3343E681E1B1}.Release|x64.Build.0 = Release|x64
		{AA52CBA3-C4A8-4FCC-85B6-3343E681E1B1}.Release|x86.ActiveCfg = Release|Win32
		{AA52CBA3-C4A8-4FCC-85B6-3343E681E1B1}.Release|x86.Build.0 = Release|Win32
		{2047CED1-0027-4AD3-9ADF-96BFFDD8696D}.Debug|x64.ActiveCfg = Debug|x64
		{2047CED1-0027-4AD3-9ADF-96BFFDD8696D}.Debug|x64.Build.0 = Debug|x64
		{2047CED1-0027-4AD3-9ADF-96BFFDD8696D}.Debug|x86.ActiveCfg = Debug|Win32
		{2047CED1-0027-4AD3-9ADF-96BFFDD8696D}.Debug|x86.Build.0 = Debug|Win32
		{2047CED1-0027-4AD3-9ADF-96BFFDD8696D}.Release|x64.ActiveCfg = Release|x64
		{2047CED1-0027-4AD3-9ADF-96BFFDD8696D}.Release|x64.Build.0 = Release|x64
		{2047CED1-0027-4AD3-9ADF-96BFFDD8696D}.Release|x86.ActiveCfg = Release|Win32
		{2047CED1-0027-4AD3-9ADF-96BFFDD8696D}.Release|x86.Build.0 = Release|Win32
	EndGlobalSection
	GlobalSection(SolutionProperties) = preSolution
		HideSolutionNode = FALSE
	EndGlobalSection
EndGlobal
